
Microsoft Visual Studio Solution File, Format Version 12.00
# Visual Studio Version 17
VisualStudioVersion = 17.6.33723.286
MinimumVisualStudioVersion = 10.0.40219.1
Project("{2150E333-8FDC-42A3-9474-1A3956D46DE8}") = "Gateway", "Gateway", "{A520D0FA-5EC3-476E-A87F-4E6FFD371A73}"
EndProject
Project("{2150E333-8FDC-42A3-9474-1A3956D46DE8}") = "Services", "Services", "{9330A094-CEBE-4D3A-8BFA-DE6A574434A9}"
EndProject
Project("{9A19103F-16F7-4668-BE54-9A1E7A4F7556}") = "ECommerceProductAPI", "ECommerceProductAPI\ECommerceProductAPI.csproj", "{ED6EFC50-4A58-46E0-8A0A-5E8CF4ABA1DA}"
EndProject
Project("{9A19103F-16F7-4668-BE54-9A1E7A4F7556}") = "ECommerce.AuthApi", "ECommerce.AuthApi\ECommerce.AuthApi.csproj", "{2E5E6686-9D8A-4E5C-927A-DB934EFF000D}"
EndProject
Project("{9A19103F-16F7-4668-BE54-9A1E7A4F7556}") = "ECommerce.CartAPI", "ECommerce.CartAPI\ECommerce.CartAPI.csproj", "{039E4D6A-FCBF-49B8-9510-3697F516929F}"
EndProject
Project("{9A19103F-16F7-4668-BE54-9A1E7A4F7556}") = "ApiGateway", "ApiGateway\ApiGateway.csproj", "{D3033AFB-DBD1-4D81-A50F-B81F46FAC9A8}"
EndProject
Project("{E53339B2-1760-4266-BCC7-CA923CBCF16C}") = "docker-compose", "docker-compose.dcproj", "{0FAAC970-6C22-4047-AEDA-3D79C20ADEE8}"
EndProject
Global
	GlobalSection(SolutionConfigurationPlatforms) = preSolution
		Debug|Any CPU = Debug|Any CPU
		Release|Any CPU = Release|Any CPU
	EndGlobalSection
	GlobalSection(ProjectConfigurationPlatforms) = postSolution
		{ED6EFC50-4A58-46E0-8A0A-5E8CF4ABA1DA}.Debug|Any CPU.ActiveCfg = Debug|Any CPU
		{ED6EFC50-4A58-46E0-8A0A-5E8CF4ABA1DA}.Debug|Any CPU.Build.0 = Debug|Any CPU
		{ED6EFC50-4A58-46E0-8A0A-5E8CF4ABA1DA}.Release|Any CPU.ActiveCfg = Release|Any CPU
		{ED6EFC50-4A58-46E0-8A0A-5E8CF4ABA1DA}.Release|Any CPU.Build.0 = Release|Any CPU
		{2E5E6686-9D8A-4E5C-927A-DB934EFF000D}.Debug|Any CPU.ActiveCfg = Debug|Any CPU
		{2E5E6686-9D8A-4E5C-927A-DB934EFF000D}.Debug|Any CPU.Build.0 = Debug|Any CPU
		{2E5E6686-9D8A-4E5C-927A-DB934EFF000D}.Release|Any CPU.ActiveCfg = Release|Any CPU
		{2E5E6686-9D8A-4E5C-927A-DB934EFF000D}.Release|Any CPU.Build.0 = Release|Any CPU
		{039E4D6A-FCBF-49B8-9510-3697F516929F}.Debug|Any CPU.ActiveCfg = Debug|Any CPU
		{039E4D6A-FCBF-49B8-9510-3697F516929F}.Debug|Any CPU.Build.0 = Debug|Any CPU
		{039E4D6A-FCBF-49B8-9510-3697F516929F}.Release|Any CPU.ActiveCfg = Release|Any CPU
		{039E4D6A-FCBF-49B8-9510-3697F516929F}.Release|Any CPU.Build.0 = Release|Any CPU
		{D3033AFB-DBD1-4D81-A50F-B81F46FAC9A8}.Debug|Any CPU.ActiveCfg = Debug|Any CPU
		{D3033AFB-DBD1-4D81-A50F-B81F46FAC9A8}.Debug|Any CPU.Build.0 = Debug|Any CPU
		{D3033AFB-DBD1-4D81-A50F-B81F46FAC9A8}.Release|Any CPU.ActiveCfg = Release|Any CPU
		{D3033AFB-DBD1-4D81-A50F-B81F46FAC9A8}.Release|Any CPU.Build.0 = Release|Any CPU
		{0FAAC970-6C22-4047-AEDA-3D79C20ADEE8}.Debug|Any CPU.ActiveCfg = Debug|Any CPU
		{0FAAC970-6C22-4047-AEDA-3D79C20ADEE8}.Debug|Any CPU.Build.0 = Debug|Any CPU
		{0FAAC970-6C22-4047-AEDA-3D79C20ADEE8}.Release|Any CPU.ActiveCfg = Release|Any CPU
		{0FAAC970-6C22-4047-AEDA-3D79C20ADEE8}.Release|Any CPU.Build.0 = Release|Any CPU
	EndGlobalSection
	GlobalSection(SolutionProperties) = preSolution
		HideSolutionNode = FALSE
	EndGlobalSection
	GlobalSection(NestedProjects) = preSolution
		{ED6EFC50-4A58-46E0-8A0A-5E8CF4ABA1DA} = {9330A094-CEBE-4D3A-8BFA-DE6A574434A9}
		{2E5E6686-9D8A-4E5C-927A-DB934EFF000D} = {9330A094-CEBE-4D3A-8BFA-DE6A574434A9}
		{039E4D6A-FCBF-49B8-9510-3697F516929F} = {9330A094-CEBE-4D3A-8BFA-DE6A574434A9}
		{D3033AFB-DBD1-4D81-A50F-B81F46FAC9A8} = {A520D0FA-5EC3-476E-A87F-4E6FFD371A73}
	EndGlobalSection
	GlobalSection(ExtensibilityGlobals) = postSolution
		SolutionGuid = {656783FE-3D7C-4BE2-9CD3-DA6EB15649E0}
	EndGlobalSection
EndGlobal
